
Microsoft Visual Studio Solution File, Format Version 12.00
# Visual Studio Version 16
VisualStudioVersion = 16.0.31410.357
MinimumVisualStudioVersion = 10.0.40219.1
Project("{FAE04EC0-301F-11D3-BF4B-00C04F79EFBC}") = "Lecture 23_Big O Notation Runtin_August 7", "Lecture 23_Big O Notation Runtin_August 7.csproj", "{D4247923-020D-4BD3-9DAE-737B07C413C1}"
EndProject
Global
	GlobalSection(SolutionConfigurationPlatforms) = preSolution
		Debug|Any CPU = Debug|Any CPU
		Release|Any CPU = Release|Any CPU
	EndGlobalSection
	GlobalSection(ProjectConfigurationPlatforms) = postSolution
		{D4247923-020D-4BD3-9DAE-737B07C413C1}.Debug|Any CPU.ActiveCfg = Debug|Any CPU
		{D4247923-020D-4BD3-9DAE-737B07C413C1}.Debug|Any CPU.Build.0 = Debug|Any CPU
		{D4247923-020D-4BD3-9DAE-737B07C413C1}.Release|Any CPU.ActiveCfg = Release|Any CPU
		{D4247923-020D-4BD3-9DAE-737B07C413C1}.Release|Any CPU.Build.0 = Release|Any CPU
	EndGlobalSection
	GlobalSection(SolutionProperties) = preSolution
		HideSolutionNode = FALSE
	EndGlobalSection
	GlobalSection(ExtensibilityGlobals) = postSolution
		SolutionGuid = {281B40EC-1180-45B9-A5F3-3C229057044A}
	EndGlobalSection
EndGlobal
