
Microsoft Visual Studio Solution File, Format Version 12.00
# Visual Studio Version 16
VisualStudioVersion = 16.0.31410.357
MinimumVisualStudioVersion = 10.0.40219.1
Project("{FAE04EC0-301F-11D3-BF4B-00C04F79EFBC}") = "Homework 1_Resizing Quilt", "Homework 1_Resizing Quilt.csproj", "{EE0A2131-9AC2-467E-A025-9315E86C1297}"
EndProject
Global
	GlobalSection(SolutionConfigurationPlatforms) = preSolution
		Debug|Any CPU = Debug|Any CPU
		Release|Any CPU = Release|Any CPU
	EndGlobalSection
	GlobalSection(ProjectConfigurationPlatforms) = postSolution
		{EE0A2131-9AC2-467E-A025-9315E86C1297}.Debug|Any CPU.ActiveCfg = Debug|Any CPU
		{EE0A2131-9AC2-467E-A025-9315E86C1297}.Debug|Any CPU.Build.0 = Debug|Any CPU
		{EE0A2131-9AC2-467E-A025-9315E86C1297}.Release|Any CPU.ActiveCfg = Release|Any CPU
		{EE0A2131-9AC2-467E-A025-9315E86C1297}.Release|Any CPU.Build.0 = Release|Any CPU
	EndGlobalSection
	GlobalSection(SolutionProperties) = preSolution
		HideSolutionNode = FALSE
	EndGlobalSection
	GlobalSection(ExtensibilityGlobals) = postSolution
		SolutionGuid = {E35C6256-3A6E-454A-A4D4-6B0477B9F246}
	EndGlobalSection
EndGlobal
