
Microsoft Visual Studio Solution File, Format Version 12.00
# Visual Studio Version 16
VisualStudioVersion = 16.0.31613.86
MinimumVisualStudioVersion = 10.0.40219.1
Project("{FAE04EC0-301F-11D3-BF4B-00C04F79EFBC}") = "Jeopardy_September 1", "Jeopardy_September 1.csproj", "{48428B60-4509-4B89-B4FD-6452A8580EFD}"
EndProject
Global
	GlobalSection(SolutionConfigurationPlatforms) = preSolution
		Debug|Any CPU = Debug|Any CPU
		Release|Any CPU = Release|Any CPU
	EndGlobalSection
	GlobalSection(ProjectConfigurationPlatforms) = postSolution
		{48428B60-4509-4B89-B4FD-6452A8580EFD}.Debug|Any CPU.ActiveCfg = Debug|Any CPU
		{48428B60-4509-4B89-B4FD-6452A8580EFD}.Debug|Any CPU.Build.0 = Debug|Any CPU
		{48428B60-4509-4B89-B4FD-6452A8580EFD}.Release|Any CPU.ActiveCfg = Release|Any CPU
		{48428B60-4509-4B89-B4FD-6452A8580EFD}.Release|Any CPU.Build.0 = Release|Any CPU
	EndGlobalSection
	GlobalSection(SolutionProperties) = preSolution
		HideSolutionNode = FALSE
	EndGlobalSection
	GlobalSection(ExtensibilityGlobals) = postSolution
		SolutionGuid = {59FAB85A-6DBA-494E-97C9-59FF44DD383E}
	EndGlobalSection
EndGlobal
