
Microsoft Visual Studio Solution File, Format Version 12.00
# Visual Studio Version 16
VisualStudioVersion = 16.0.31613.86
MinimumVisualStudioVersion = 10.0.40219.1
Project("{FAE04EC0-301F-11D3-BF4B-00C04F79EFBC}") = "Lecture 30_Beginner Technical Interview Problems", "Lecture 30_Beginner Technical Interview Problems.csproj", "{8B8E44FB-FF6E-44CC-A62C-8FDBA82B479D}"
EndProject
Global
	GlobalSection(SolutionConfigurationPlatforms) = preSolution
		Debug|Any CPU = Debug|Any CPU
		Release|Any CPU = Release|Any CPU
	EndGlobalSection
	GlobalSection(ProjectConfigurationPlatforms) = postSolution
		{8B8E44FB-FF6E-44CC-A62C-8FDBA82B479D}.Debug|Any CPU.ActiveCfg = Debug|Any CPU
		{8B8E44FB-FF6E-44CC-A62C-8FDBA82B479D}.Debug|Any CPU.Build.0 = Debug|Any CPU
		{8B8E44FB-FF6E-44CC-A62C-8FDBA82B479D}.Release|Any CPU.ActiveCfg = Release|Any CPU
		{8B8E44FB-FF6E-44CC-A62C-8FDBA82B479D}.Release|Any CPU.Build.0 = Release|Any CPU
	EndGlobalSection
	GlobalSection(SolutionProperties) = preSolution
		HideSolutionNode = FALSE
	EndGlobalSection
	GlobalSection(ExtensibilityGlobals) = postSolution
		SolutionGuid = {A41B4AFB-19B6-4302-A075-5314460CF6E5}
	EndGlobalSection
EndGlobal
